
Microsoft Visual Studio Solution File, Format Version 12.00
# Visual Studio Version 17
VisualStudioVersion = 17.3.32929.385
MinimumVisualStudioVersion = 10.0.40219.1
Project("{FAE04EC0-301F-11D3-BF4B-00C04F79EFBC}") = "'freach' loop challenge", "'freach' loop challenge.csproj", "{181AE928-FD73-4A7C-87FA-4EFEEDF67076}"
EndProject
Global
	GlobalSection(SolutionConfigurationPlatforms) = preSolution
		Debug|Any CPU = Debug|Any CPU
		Release|Any CPU = Release|Any CPU
	EndGlobalSection
	GlobalSection(ProjectConfigurationPlatforms) = postSolution
		{181AE928-FD73-4A7C-87FA-4EFEEDF67076}.Debug|Any CPU.ActiveCfg = Debug|Any CPU
		{181AE928-FD73-4A7C-87FA-4EFEEDF67076}.Debug|Any CPU.Build.0 = Debug|Any CPU
		{181AE928-FD73-4A7C-87FA-4EFEEDF67076}.Release|Any CPU.ActiveCfg = Release|Any CPU
		{181AE928-FD73-4A7C-87FA-4EFEEDF67076}.Release|Any CPU.Build.0 = Release|Any CPU
	EndGlobalSection
	GlobalSection(SolutionProperties) = preSolution
		HideSolutionNode = FALSE
	EndGlobalSection
	GlobalSection(ExtensibilityGlobals) = postSolution
		SolutionGuid = {90114F56-01F7-45DC-8352-6130DB37C1AA}
	EndGlobalSection
EndGlobal
