
Microsoft Visual Studio Solution File, Format Version 12.00
# Visual Studio Version 17
VisualStudioVersion = 17.3.32901.215
MinimumVisualStudioVersion = 10.0.40219.1
Project("{9A19103F-16F7-4668-BE54-9A1E7A4F7556}") = "Enumerations challenge", "Enumerations challenge.csproj", "{5FD93C0F-3C34-4341-A9E0-570A0DC2847B}"
EndProject
Global
	GlobalSection(SolutionConfigurationPlatforms) = preSolution
		Debug|Any CPU = Debug|Any CPU
		Release|Any CPU = Release|Any CPU
	EndGlobalSection
	GlobalSection(ProjectConfigurationPlatforms) = postSolution
		{5FD93C0F-3C34-4341-A9E0-570A0DC2847B}.Debug|Any CPU.ActiveCfg = Debug|Any CPU
		{5FD93C0F-3C34-4341-A9E0-570A0DC2847B}.Debug|Any CPU.Build.0 = Debug|Any CPU
		{5FD93C0F-3C34-4341-A9E0-570A0DC2847B}.Release|Any CPU.ActiveCfg = Release|Any CPU
		{5FD93C0F-3C34-4341-A9E0-570A0DC2847B}.Release|Any CPU.Build.0 = Release|Any CPU
	EndGlobalSection
	GlobalSection(SolutionProperties) = preSolution
		HideSolutionNode = FALSE
	EndGlobalSection
	GlobalSection(ExtensibilityGlobals) = postSolution
		SolutionGuid = {64A66159-4B01-464E-B3BA-EEDE85509123}
	EndGlobalSection
EndGlobal
