
Microsoft Visual Studio Solution File, Format Version 12.00
# Visual Studio Version 17
VisualStudioVersion = 17.4.33403.182
MinimumVisualStudioVersion = 10.0.40219.1
Project("{FAE04EC0-301F-11D3-BF4B-00C04F79EFBC}") = "Generic Challenge Repeat", "Generic Challenge Repeat.csproj", "{ED552A7D-6A40-4210-99A9-7A7926CD76A8}"
EndProject
Global
	GlobalSection(SolutionConfigurationPlatforms) = preSolution
		Debug|Any CPU = Debug|Any CPU
		Release|Any CPU = Release|Any CPU
	EndGlobalSection
	GlobalSection(ProjectConfigurationPlatforms) = postSolution
		{ED552A7D-6A40-4210-99A9-7A7926CD76A8}.Debug|Any CPU.ActiveCfg = Debug|Any CPU
		{ED552A7D-6A40-4210-99A9-7A7926CD76A8}.Debug|Any CPU.Build.0 = Debug|Any CPU
		{ED552A7D-6A40-4210-99A9-7A7926CD76A8}.Release|Any CPU.ActiveCfg = Release|Any CPU
		{ED552A7D-6A40-4210-99A9-7A7926CD76A8}.Release|Any CPU.Build.0 = Release|Any CPU
	EndGlobalSection
	GlobalSection(SolutionProperties) = preSolution
		HideSolutionNode = FALSE
	EndGlobalSection
	GlobalSection(ExtensibilityGlobals) = postSolution
		SolutionGuid = {6C8CC51D-2EE5-44A2-BB2D-4C4583FAE649}
	EndGlobalSection
EndGlobal
