
Microsoft Visual Studio Solution File, Format Version 12.00
# Visual Studio Version 17
VisualStudioVersion = 17.3.32901.215
MinimumVisualStudioVersion = 10.0.40219.1
Project("{FAE04EC0-301F-11D3-BF4B-00C04F79EFBC}") = "Consolas and Telim", "Consolas and Telim.csproj", "{CE295AA9-5260-41EF-B368-DCDA66A88FD1}"
EndProject
Global
	GlobalSection(SolutionConfigurationPlatforms) = preSolution
		Debug|Any CPU = Debug|Any CPU
		Release|Any CPU = Release|Any CPU
	EndGlobalSection
	GlobalSection(ProjectConfigurationPlatforms) = postSolution
		{CE295AA9-5260-41EF-B368-DCDA66A88FD1}.Debug|Any CPU.ActiveCfg = Debug|Any CPU
		{CE295AA9-5260-41EF-B368-DCDA66A88FD1}.Debug|Any CPU.Build.0 = Debug|Any CPU
		{CE295AA9-5260-41EF-B368-DCDA66A88FD1}.Release|Any CPU.ActiveCfg = Release|Any CPU
		{CE295AA9-5260-41EF-B368-DCDA66A88FD1}.Release|Any CPU.Build.0 = Release|Any CPU
	EndGlobalSection
	GlobalSection(SolutionProperties) = preSolution
		HideSolutionNode = FALSE
	EndGlobalSection
	GlobalSection(ExtensibilityGlobals) = postSolution
		SolutionGuid = {77C1B3E4-1DA7-493A-AAFB-53B0F3E8582D}
	EndGlobalSection
EndGlobal
