
Microsoft Visual Studio Solution File, Format Version 12.00
# Visual Studio Version 17
VisualStudioVersion = 17.4.33403.182
MinimumVisualStudioVersion = 10.0.40219.1
Project("{FAE04EC0-301F-11D3-BF4B-00C04F79EFBC}") = "Polymorphism challenge", "Polymorphism challenge.csproj", "{E868ED93-1F38-40CD-9485-B0E19A6F7C2F}"
EndProject
Global
	GlobalSection(SolutionConfigurationPlatforms) = preSolution
		Debug|Any CPU = Debug|Any CPU
		Release|Any CPU = Release|Any CPU
	EndGlobalSection
	GlobalSection(ProjectConfigurationPlatforms) = postSolution
		{E868ED93-1F38-40CD-9485-B0E19A6F7C2F}.Debug|Any CPU.ActiveCfg = Debug|Any CPU
		{E868ED93-1F38-40CD-9485-B0E19A6F7C2F}.Debug|Any CPU.Build.0 = Debug|Any CPU
		{E868ED93-1F38-40CD-9485-B0E19A6F7C2F}.Release|Any CPU.ActiveCfg = Release|Any CPU
		{E868ED93-1F38-40CD-9485-B0E19A6F7C2F}.Release|Any CPU.Build.0 = Release|Any CPU
	EndGlobalSection
	GlobalSection(SolutionProperties) = preSolution
		HideSolutionNode = FALSE
	EndGlobalSection
	GlobalSection(ExtensibilityGlobals) = postSolution
		SolutionGuid = {ED908FCB-E4D9-4129-9FDA-839CB62513D1}
	EndGlobalSection
EndGlobal
